
Microsoft Visual Studio Solution File, Format Version 12.00
Project("{FAE04EC0-301F-11D3-BF4B-00C04F79EFBC}") = "OpenLibraryAuthors", "OpenLibraryAuthors.csproj", "{EAD489A6-A2BA-469E-A914-C4EA9C34078E}"
EndProject
Global
	GlobalSection(SolutionConfigurationPlatforms) = preSolution
		Debug|Any CPU = Debug|Any CPU
		Release|Any CPU = Release|Any CPU
	EndGlobalSection
	GlobalSection(ProjectConfigurationPlatforms) = postSolution
		{EAD489A6-A2BA-469E-A914-C4EA9C34078E}.Debug|Any CPU.ActiveCfg = Debug|Any CPU
		{EAD489A6-A2BA-469E-A914-C4EA9C34078E}.Debug|Any CPU.Build.0 = Debug|Any CPU
		{EAD489A6-A2BA-469E-A914-C4EA9C34078E}.Release|Any CPU.ActiveCfg = Release|Any CPU
		{EAD489A6-A2BA-469E-A914-C4EA9C34078E}.Release|Any CPU.Build.0 = Release|Any CPU
	EndGlobalSection
EndGlobal
